
Microsoft Visual Studio Solution File, Format Version 12.00
# Visual Studio Version 16
VisualStudioVersion = 16.0.31424.327
MinimumVisualStudioVersion = 10.0.40219.1
Project("{FAE04EC0-301F-11D3-BF4B-00C04F79EFBC}") = "Gerenciador.Processos", "Gerenciador.Processos\Gerenciador.Processos.csproj", "{5BBF5A1E-33C4-4E00-A8D9-F5EFDBB1406F}"
EndProject
Project("{FAE04EC0-301F-11D3-BF4B-00C04F79EFBC}") = "Gerenciador.Processos.Data", "Gerenciador.Processos.Data\Gerenciador.Processos.Data.csproj", "{ED43716F-88B2-4EFB-84AB-ABE2DADED703}"
EndProject
Project("{FAE04EC0-301F-11D3-BF4B-00C04F79EFBC}") = "Gerenciador.Processos.Tests", "Gerenciador.Processos.Tests\Gerenciador.Processos.Tests.csproj", "{9448DBCC-1D78-41DE-9CD2-C40E873C30FE}"
EndProject
Global
	GlobalSection(SolutionConfigurationPlatforms) = preSolution
		Debug|Any CPU = Debug|Any CPU
		Release|Any CPU = Release|Any CPU
	EndGlobalSection
	GlobalSection(ProjectConfigurationPlatforms) = postSolution
		{5BBF5A1E-33C4-4E00-A8D9-F5EFDBB1406F}.Debug|Any CPU.ActiveCfg = Debug|Any CPU
		{5BBF5A1E-33C4-4E00-A8D9-F5EFDBB1406F}.Debug|Any CPU.Build.0 = Debug|Any CPU
		{5BBF5A1E-33C4-4E00-A8D9-F5EFDBB1406F}.Release|Any CPU.ActiveCfg = Release|Any CPU
		{5BBF5A1E-33C4-4E00-A8D9-F5EFDBB1406F}.Release|Any CPU.Build.0 = Release|Any CPU
		{ED43716F-88B2-4EFB-84AB-ABE2DADED703}.Debug|Any CPU.ActiveCfg = Debug|Any CPU
		{ED43716F-88B2-4EFB-84AB-ABE2DADED703}.Debug|Any CPU.Build.0 = Debug|Any CPU
		{ED43716F-88B2-4EFB-84AB-ABE2DADED703}.Release|Any CPU.ActiveCfg = Release|Any CPU
		{ED43716F-88B2-4EFB-84AB-ABE2DADED703}.Release|Any CPU.Build.0 = Release|Any CPU
		{9448DBCC-1D78-41DE-9CD2-C40E873C30FE}.Debug|Any CPU.ActiveCfg = Debug|Any CPU
		{9448DBCC-1D78-41DE-9CD2-C40E873C30FE}.Debug|Any CPU.Build.0 = Debug|Any CPU
		{9448DBCC-1D78-41DE-9CD2-C40E873C30FE}.Release|Any CPU.ActiveCfg = Release|Any CPU
		{9448DBCC-1D78-41DE-9CD2-C40E873C30FE}.Release|Any CPU.Build.0 = Release|Any CPU
	EndGlobalSection
	GlobalSection(SolutionProperties) = preSolution
		HideSolutionNode = FALSE
	EndGlobalSection
	GlobalSection(ExtensibilityGlobals) = postSolution
		SolutionGuid = {2ED59DF6-E0D2-4712-9407-E20CDC4F0EEA}
	EndGlobalSection
EndGlobal
