
Microsoft Visual Studio Solution File, Format Version 12.00
# Visual Studio Version 16
VisualStudioVersion = 16.0.31424.327
MinimumVisualStudioVersion = 10.0.40219.1
Project("{9A19103F-16F7-4668-BE54-9A1E7A4F7556}") = "Gerenciador.Processos", "Gerenciador.Processos\Gerenciador.Processos.csproj", "{5BBF5A1E-33C4-4E00-A8D9-F5EFDBB1406F}"
EndProject
Project("{9A19103F-16F7-4668-BE54-9A1E7A4F7556}") = "Gerenciador.Processos.Data", "Gerenciador.Processos.Data\Gerenciador.Processos.Data.csproj", "{ED43716F-88B2-4EFB-84AB-ABE2DADED703}"
EndProject
Project("{9A19103F-16F7-4668-BE54-9A1E7A4F7556}") = "Gerenciador.Processos.Tests", "Gerenciador.Processos.Tests\Gerenciador.Processos.Tests.csproj", "{9448DBCC-1D78-41DE-9CD2-C40E873C30FE}"
EndProject
Project("{2150E333-8FDC-42A3-9474-1A3956D46DE8}") = "Scripts", "Scripts", "{ECDBC11D-7031-4568-9BFF-A982BD73C11C}"
	ProjectSection(SolutionItems) = preProject
		populate_customer.sql = populate_customer.sql
		populate_processes.sql = populate_processes.sql
	EndProjectSection
EndProject
Global
	GlobalSection(SolutionConfigurationPlatforms) = preSolution
		Debug|Any CPU = Debug|Any CPU
		Release|Any CPU = Release|Any CPU
	EndGlobalSection
	GlobalSection(ProjectConfigurationPlatforms) = postSolution
		{5BBF5A1E-33C4-4E00-A8D9-F5EFDBB1406F}.Debug|Any CPU.ActiveCfg = Debug|Any CPU
		{5BBF5A1E-33C4-4E00-A8D9-F5EFDBB1406F}.Debug|Any CPU.Build.0 = Debug|Any CPU
		{5BBF5A1E-33C4-4E00-A8D9-F5EFDBB1406F}.Release|Any CPU.ActiveCfg = Release|Any CPU
		{5BBF5A1E-33C4-4E00-A8D9-F5EFDBB1406F}.Release|Any CPU.Build.0 = Release|Any CPU
		{ED43716F-88B2-4EFB-84AB-ABE2DADED703}.Debug|Any CPU.ActiveCfg = Debug|Any CPU
		{ED43716F-88B2-4EFB-84AB-ABE2DADED703}.Debug|Any CPU.Build.0 = Debug|Any CPU
		{ED43716F-88B2-4EFB-84AB-ABE2DADED703}.Release|Any CPU.ActiveCfg = Release|Any CPU
		{ED43716F-88B2-4EFB-84AB-ABE2DADED703}.Release|Any CPU.Build.0 = Release|Any CPU
		{9448DBCC-1D78-41DE-9CD2-C40E873C30FE}.Debug|Any CPU.ActiveCfg = Debug|Any CPU
		{9448DBCC-1D78-41DE-9CD2-C40E873C30FE}.Debug|Any CPU.Build.0 = Debug|Any CPU
		{9448DBCC-1D78-41DE-9CD2-C40E873C30FE}.Release|Any CPU.ActiveCfg = Release|Any CPU
		{9448DBCC-1D78-41DE-9CD2-C40E873C30FE}.Release|Any CPU.Build.0 = Release|Any CPU
	EndGlobalSection
	GlobalSection(SolutionProperties) = preSolution
		HideSolutionNode = FALSE
	EndGlobalSection
	GlobalSection(ExtensibilityGlobals) = postSolution
		SolutionGuid = {2ED59DF6-E0D2-4712-9407-E20CDC4F0EEA}
	EndGlobalSection
EndGlobal
